{
  "name": "aap-poc",
  "version": "1.0.15",
  "lockfileVersion": 1,
  "requires": true,
  "dependencies": {
    "@types/react": {
      "version": "16.0.22",
      "resolved": "https://registry.npmjs.org/@types/react/-/react-16.0.22.tgz",
      "integrity": "sha512-d8STysuhEgZ3MxMqY8PlTcUj2aJljBtQ+94SixlQdFgP3c5gh0fBBW5r73RxHuZqKohYvHb9nNbqGQfco7ReoQ==",
      "dev": true
    },
    "@types/react-addons-css-transition-group": {
      "version": "15.0.3",
      "resolved": "https://registry.npmjs.org/@types/react-addons-css-transition-group/-/react-addons-css-transition-group-15.0.3.tgz",
      "integrity": "sha512-5cY0c4iteOsHSgo1L9Zw6eE1VdJeE7Z0ypbes3I9gdgny6f/Frna/pXN0TouHqYSenDFjUAEj21LGAQH3c7Abw==",
      "dev": true,
      "requires": {
        "@types/react": "16.0.22",
        "@types/react-addons-transition-group": "15.0.1"
      }
    },
    "@types/react-addons-transition-group": {
      "version": "15.0.1",
      "resolved": "https://registry.npmjs.org/@types/react-addons-transition-group/-/react-addons-transition-group-15.0.1.tgz",
      "integrity": "sha512-CMG0HuU2YnoMidVw4hDw94BS4vEP9Nlqp2mCy9ZX/s2nvrfIdGjJqPdUZpDqg47cgH+WFYN9aIVYize/G1Nrog==",
      "dev": true,
      "requires": {
        "@types/react": "16.0.22"
      }
    }
  }
}
